
Microsoft Visual Studio Solution File, Format Version 12.00
# Visual Studio Version 16
VisualStudioVersion = 16.0.30320.27
MinimumVisualStudioVersion = 10.0.40219.1
Project("{FAE04EC0-301F-11D3-BF4B-00C04F79EFBC}") = "Orange_Project", "Orange_Project.csproj", "{46C91B35-8379-4549-86B2-E0713B89C153}"
EndProject
Global
	GlobalSection(SolutionConfigurationPlatforms) = preSolution
		Debug|Any CPU = Debug|Any CPU
		Release|Any CPU = Release|Any CPU
	EndGlobalSection
	GlobalSection(ProjectConfigurationPlatforms) = postSolution
		{46C91B35-8379-4549-86B2-E0713B89C153}.Debug|Any CPU.ActiveCfg = Debug|Any CPU
		{46C91B35-8379-4549-86B2-E0713B89C153}.Debug|Any CPU.Build.0 = Debug|Any CPU
		{46C91B35-8379-4549-86B2-E0713B89C153}.Release|Any CPU.ActiveCfg = Release|Any CPU
		{46C91B35-8379-4549-86B2-E0713B89C153}.Release|Any CPU.Build.0 = Release|Any CPU
	EndGlobalSection
	GlobalSection(SolutionProperties) = preSolution
		HideSolutionNode = FALSE
	EndGlobalSection
	GlobalSection(ExtensibilityGlobals) = postSolution
		SolutionGuid = {A1691097-72AE-469E-BE78-0F8069887975}
	EndGlobalSection
EndGlobal
